
Microsoft Visual Studio Solution File, Format Version 12.00
# Visual Studio 15
VisualStudioVersion = 15.0.28307.1062
MinimumVisualStudioVersion = 10.0.40219.1
Project("{FAE04EC0-301F-11D3-BF4B-00C04F79EFBC}") = "AppProdMZ", "AppProdMZ\AppProdMZ.csproj", "{AC5E92F4-5F42-427D-8043-1DD2124E2EC9}"
EndProject
Global
	GlobalSection(SolutionConfigurationPlatforms) = preSolution
		Debug|Any CPU = Debug|Any CPU
		Release|Any CPU = Release|Any CPU
	EndGlobalSection
	GlobalSection(ProjectConfigurationPlatforms) = postSolution
		{AC5E92F4-5F42-427D-8043-1DD2124E2EC9}.Debug|Any CPU.ActiveCfg = Debug|Any CPU
		{AC5E92F4-5F42-427D-8043-1DD2124E2EC9}.Debug|Any CPU.Build.0 = Debug|Any CPU
		{AC5E92F4-5F42-427D-8043-1DD2124E2EC9}.Release|Any CPU.ActiveCfg = Release|Any CPU
		{AC5E92F4-5F42-427D-8043-1DD2124E2EC9}.Release|Any CPU.Build.0 = Release|Any CPU
	EndGlobalSection
	GlobalSection(SolutionProperties) = preSolution
		HideSolutionNode = FALSE
	EndGlobalSection
	GlobalSection(ExtensibilityGlobals) = postSolution
		SolutionGuid = {9FFE6456-AA4D-414A-9669-45E0CE34DDAF}
	EndGlobalSection
EndGlobal
